
Microsoft Visual Studio Solution File, Format Version 12.00
# Visual Studio 15
VisualStudioVersion = 15.0.28307.168
MinimumVisualStudioVersion = 10.0.40219.1
Project("{FAE04EC0-301F-11D3-BF4B-00C04F79EFBC}") = "OnlineGunluk", "OnlineGunluk\OnlineGunluk.csproj", "{BEE49FED-BBCF-40CD-8B11-6F1B79E71CB5}"
EndProject
Global
	GlobalSection(SolutionConfigurationPlatforms) = preSolution
		Debug|Any CPU = Debug|Any CPU
		Release|Any CPU = Release|Any CPU
	EndGlobalSection
	GlobalSection(ProjectConfigurationPlatforms) = postSolution
		{BEE49FED-BBCF-40CD-8B11-6F1B79E71CB5}.Debug|Any CPU.ActiveCfg = Debug|Any CPU
		{BEE49FED-BBCF-40CD-8B11-6F1B79E71CB5}.Debug|Any CPU.Build.0 = Debug|Any CPU
		{BEE49FED-BBCF-40CD-8B11-6F1B79E71CB5}.Release|Any CPU.ActiveCfg = Release|Any CPU
		{BEE49FED-BBCF-40CD-8B11-6F1B79E71CB5}.Release|Any CPU.Build.0 = Release|Any CPU
	EndGlobalSection
	GlobalSection(SolutionProperties) = preSolution
		HideSolutionNode = FALSE
	EndGlobalSection
	GlobalSection(ExtensibilityGlobals) = postSolution
		SolutionGuid = {BAA456C9-1804-4705-9D49-7F25B3AB343E}
	EndGlobalSection
EndGlobal
